
Microsoft Visual Studio Solution File, Format Version 12.00
# Visual Studio Version 17
VisualStudioVersion = 17.0.31903.59
MinimumVisualStudioVersion = 10.0.40219.1
Project("{FAE04EC0-301F-11D3-BF4B-00C04F79EFBC}") = "Capsule.Core", "Capsule.Core\Capsule.Core.csproj", "{EF0B6756-765C-41F7-9C6F-6A20E7A18F58}"
EndProject
Project("{FAE04EC0-301F-11D3-BF4B-00C04F79EFBC}") = "Capsule.Runtime", "Capsule.Runtime\Capsule.Runtime.csproj", "{2C825309-3431-4818-BF71-87CAEAB765D2}"
EndProject
Project("{FAE04EC0-301F-11D3-BF4B-00C04F79EFBC}") = "Capsule.Tests", "Capsule.Tests\Capsule.Tests.csproj", "{11FB0D50-F8CE-4FAE-B126-867AADAAB3C3}"
EndProject
Project("{FAE04EC0-301F-11D3-BF4B-00C04F79EFBC}") = "Capsule.Maps", "Capsule.Maps\Capsule.Maps.csproj", "{46E59A1F-0788-4235-B12F-BD632A6EB06B}"
EndProject
Project("{FAE04EC0-301F-11D3-BF4B-00C04F79EFBC}") = "Capsule.Maps.Cli", "Capsule.Maps.Cli\Capsule.Maps.Cli.csproj", "{581DC538-2CF7-4FF6-ADCD-07E34449DC70}"
EndProject
Project("{FAE04EC0-301F-11D3-BF4B-00C04F79EFBC}") = "Capsule.Scenes", "Capsule.Scenes\Capsule.Scenes.csproj", "{2A00CC2E-1900-413C-BAB4-AD7937535151}"
EndProject
Project("{FAE04EC0-301F-11D3-BF4B-00C04F79EFBC}") = "Capsule.Scenes.Generator", "Capsule.Scenes.Generator\Capsule.Scenes.Generator.csproj", "{C95E8CD2-8040-43A0-9264-B40C5F7291B8}"
EndProject
Project("{FAE04EC0-301F-11D3-BF4B-00C04F79EFBC}") = "Capsule.Build", "Capsule.Build\Capsule.Build.csproj", "{82DFA02B-C746-4426-A313-59D4834EB9F7}"
EndProject
Project("{FAE04EC0-301F-11D3-BF4B-00C04F79EFBC}") = "Capsule.Analyzers", "Capsule.Analyzers\Capsule.Analyzers.csproj", "{D1C8A662-3B52-4F4C-85B2-0769DBEED915}"
EndProject
Project("{FAE04EC0-301F-11D3-BF4B-00C04F79EFBC}") = "Capsule", "Capsule\Capsule.csproj", "{C0413BCA-5687-4884-9B69-4A80228C0F6C}"
EndProject
Global
	GlobalSection(SolutionConfigurationPlatforms) = preSolution
		Debug|Any CPU = Debug|Any CPU
		Debug|x64 = Debug|x64
		Debug|x86 = Debug|x86
		Release|Any CPU = Release|Any CPU
		Release|x64 = Release|x64
		Release|x86 = Release|x86
	EndGlobalSection
	GlobalSection(ProjectConfigurationPlatforms) = postSolution
		{EF0B6756-765C-41F7-9C6F-6A20E7A18F58}.Debug|Any CPU.ActiveCfg = Debug|Any CPU
		{EF0B6756-765C-41F7-9C6F-6A20E7A18F58}.Debug|Any CPU.Build.0 = Debug|Any CPU
		{EF0B6756-765C-41F7-9C6F-6A20E7A18F58}.Debug|x64.ActiveCfg = Debug|Any CPU
		{EF0B6756-765C-41F7-9C6F-6A20E7A18F58}.Debug|x64.Build.0 = Debug|Any CPU
		{EF0B6756-765C-41F7-9C6F-6A20E7A18F58}.Debug|x86.ActiveCfg = Debug|Any CPU
		{EF0B6756-765C-41F7-9C6F-6A20E7A18F58}.Debug|x86.Build.0 = Debug|Any CPU
		{EF0B6756-765C-41F7-9C6F-6A20E7A18F58}.Release|Any CPU.ActiveCfg = Release|Any CPU
		{EF0B6756-765C-41F7-9C6F-6A20E7A18F58}.Release|Any CPU.Build.0 = Release|Any CPU
		{EF0B6756-765C-41F7-9C6F-6A20E7A18F58}.Release|x64.ActiveCfg = Release|Any CPU
		{EF0B6756-765C-41F7-9C6F-6A20E7A18F58}.Release|x64.Build.0 = Release|Any CPU
		{EF0B6756-765C-41F7-9C6F-6A20E7A18F58}.Release|x86.ActiveCfg = Release|Any CPU
		{EF0B6756-765C-41F7-9C6F-6A20E7A18F58}.Release|x86.Build.0 = Release|Any CPU
		{2C825309-3431-4818-BF71-87CAEAB765D2}.Debug|Any CPU.ActiveCfg = Debug|Any CPU
		{2C825309-3431-4818-BF71-87CAEAB765D2}.Debug|Any CPU.Build.0 = Debug|Any CPU
		{2C825309-3431-4818-BF71-87CAEAB765D2}.Debug|x64.ActiveCfg = Debug|Any CPU
		{2C825309-3431-4818-BF71-87CAEAB765D2}.Debug|x64.Build.0 = Debug|Any CPU
		{2C825309-3431-4818-BF71-87CAEAB765D2}.Debug|x86.ActiveCfg = Debug|Any CPU
		{2C825309-3431-4818-BF71-87CAEAB765D2}.Debug|x86.Build.0 = Debug|Any CPU
		{2C825309-3431-4818-BF71-87CAEAB765D2}.Release|Any CPU.ActiveCfg = Release|Any CPU
		{2C825309-3431-4818-BF71-87CAEAB765D2}.Release|Any CPU.Build.0 = Release|Any CPU
		{2C825309-3431-4818-BF71-87CAEAB765D2}.Release|x64.ActiveCfg = Release|Any CPU
		{2C825309-3431-4818-BF71-87CAEAB765D2}.Release|x64.Build.0 = Release|Any CPU
		{2C825309-3431-4818-BF71-87CAEAB765D2}.Release|x86.ActiveCfg = Release|Any CPU
		{2C825309-3431-4818-BF71-87CAEAB765D2}.Release|x86.Build.0 = Release|Any CPU
		{11FB0D50-F8CE-4FAE-B126-867AADAAB3C3}.Debug|Any CPU.ActiveCfg = Debug|Any CPU
		{11FB0D50-F8CE-4FAE-B126-867AADAAB3C3}.Debug|Any CPU.Build.0 = Debug|Any CPU
		{11FB0D50-F8CE-4FAE-B126-867AADAAB3C3}.Debug|x64.ActiveCfg = Debug|Any CPU
		{11FB0D50-F8CE-4FAE-B126-867AADAAB3C3}.Debug|x64.Build.0 = Debug|Any CPU
		{11FB0D50-F8CE-4FAE-B126-867AADAAB3C3}.Debug|x86.ActiveCfg = Debug|Any CPU
		{11FB0D50-F8CE-4FAE-B126-867AADAAB3C3}.Debug|x86.Build.0 = Debug|Any CPU
		{11FB0D50-F8CE-4FAE-B126-867AADAAB3C3}.Release|Any CPU.ActiveCfg = Release|Any CPU
		{11FB0D50-F8CE-4FAE-B126-867AADAAB3C3}.Release|Any CPU.Build.0 = Release|Any CPU
		{11FB0D50-F8CE-4FAE-B126-867AADAAB3C3}.Release|x64.ActiveCfg = Release|Any CPU
		{11FB0D50-F8CE-4FAE-B126-867AADAAB3C3}.Release|x64.Build.0 = Release|Any CPU
		{11FB0D50-F8CE-4FAE-B126-867AADAAB3C3}.Release|x86.ActiveCfg = Release|Any CPU
		{11FB0D50-F8CE-4FAE-B126-867AADAAB3C3}.Release|x86.Build.0 = Release|Any CPU
		{46E59A1F-0788-4235-B12F-BD632A6EB06B}.Debug|Any CPU.ActiveCfg = Debug|Any CPU
		{46E59A1F-0788-4235-B12F-BD632A6EB06B}.Debug|Any CPU.Build.0 = Debug|Any CPU
		{46E59A1F-0788-4235-B12F-BD632A6EB06B}.Debug|x64.ActiveCfg = Debug|Any CPU
		{46E59A1F-0788-4235-B12F-BD632A6EB06B}.Debug|x64.Build.0 = Debug|Any CPU
		{46E59A1F-0788-4235-B12F-BD632A6EB06B}.Debug|x86.ActiveCfg = Debug|Any CPU
		{46E59A1F-0788-4235-B12F-BD632A6EB06B}.Debug|x86.Build.0 = Debug|Any CPU
		{46E59A1F-0788-4235-B12F-BD632A6EB06B}.Release|Any CPU.ActiveCfg = Release|Any CPU
		{46E59A1F-0788-4235-B12F-BD632A6EB06B}.Release|Any CPU.Build.0 = Release|Any CPU
		{46E59A1F-0788-4235-B12F-BD632A6EB06B}.Release|x64.ActiveCfg = Release|Any CPU
		{46E59A1F-0788-4235-B12F-BD632A6EB06B}.Release|x64.Build.0 = Release|Any CPU
		{46E59A1F-0788-4235-B12F-BD632A6EB06B}.Release|x86.ActiveCfg = Release|Any CPU
		{46E59A1F-0788-4235-B12F-BD632A6EB06B}.Release|x86.Build.0 = Release|Any CPU
		{581DC538-2CF7-4FF6-ADCD-07E34449DC70}.Debug|Any CPU.ActiveCfg = Debug|Any CPU
		{581DC538-2CF7-4FF6-ADCD-07E34449DC70}.Debug|Any CPU.Build.0 = Debug|Any CPU
		{581DC538-2CF7-4FF6-ADCD-07E34449DC70}.Debug|x64.ActiveCfg = Debug|Any CPU
		{581DC538-2CF7-4FF6-ADCD-07E34449DC70}.Debug|x64.Build.0 = Debug|Any CPU
		{581DC538-2CF7-4FF6-ADCD-07E34449DC70}.Debug|x86.ActiveCfg = Debug|Any CPU
		{581DC538-2CF7-4FF6-ADCD-07E34449DC70}.Debug|x86.Build.0 = Debug|Any CPU
		{581DC538-2CF7-4FF6-ADCD-07E34449DC70}.Release|Any CPU.ActiveCfg = Release|Any CPU
		{581DC538-2CF7-4FF6-ADCD-07E34449DC70}.Release|Any CPU.Build.0 = Release|Any CPU
		{581DC538-2CF7-4FF6-ADCD-07E34449DC70}.Release|x64.ActiveCfg = Release|Any CPU
		{581DC538-2CF7-4FF6-ADCD-07E34449DC70}.Release|x64.Build.0 = Release|Any CPU
		{581DC538-2CF7-4FF6-ADCD-07E34449DC70}.Release|x86.ActiveCfg = Release|Any CPU
		{581DC538-2CF7-4FF6-ADCD-07E34449DC70}.Release|x86.Build.0 = Release|Any CPU
		{2A00CC2E-1900-413C-BAB4-AD7937535151}.Debug|Any CPU.ActiveCfg = Debug|Any CPU
		{2A00CC2E-1900-413C-BAB4-AD7937535151}.Debug|Any CPU.Build.0 = Debug|Any CPU
		{2A00CC2E-1900-413C-BAB4-AD7937535151}.Debug|x64.ActiveCfg = Debug|Any CPU
		{2A00CC2E-1900-413C-BAB4-AD7937535151}.Debug|x64.Build.0 = Debug|Any CPU
		{2A00CC2E-1900-413C-BAB4-AD7937535151}.Debug|x86.ActiveCfg = Debug|Any CPU
		{2A00CC2E-1900-413C-BAB4-AD7937535151}.Debug|x86.Build.0 = Debug|Any CPU
		{2A00CC2E-1900-413C-BAB4-AD7937535151}.Release|Any CPU.ActiveCfg = Release|Any CPU
		{2A00CC2E-1900-413C-BAB4-AD7937535151}.Release|Any CPU.Build.0 = Release|Any CPU
		{2A00CC2E-1900-413C-BAB4-AD7937535151}.Release|x64.ActiveCfg = Release|Any CPU
		{2A00CC2E-1900-413C-BAB4-AD7937535151}.Release|x64.Build.0 = Release|Any CPU
		{2A00CC2E-1900-413C-BAB4-AD7937535151}.Release|x86.ActiveCfg = Release|Any CPU
		{2A00CC2E-1900-413C-BAB4-AD7937535151}.Release|x86.Build.0 = Release|Any CPU
		{C95E8CD2-8040-43A0-9264-B40C5F7291B8}.Debug|Any CPU.ActiveCfg = Debug|Any CPU
		{C95E8CD2-8040-43A0-9264-B40C5F7291B8}.Debug|Any CPU.Build.0 = Debug|Any CPU
		{C95E8CD2-8040-43A0-9264-B40C5F7291B8}.Debug|x64.ActiveCfg = Debug|Any CPU
		{C95E8CD2-8040-43A0-9264-B40C5F7291B8}.Debug|x64.Build.0 = Debug|Any CPU
		{C95E8CD2-8040-43A0-9264-B40C5F7291B8}.Debug|x86.ActiveCfg = Debug|Any CPU
		{C95E8CD2-8040-43A0-9264-B40C5F7291B8}.Debug|x86.Build.0 = Debug|Any CPU
		{C95E8CD2-8040-43A0-9264-B40C5F7291B8}.Release|Any CPU.ActiveCfg = Release|Any CPU
		{C95E8CD2-8040-43A0-9264-B40C5F7291B8}.Release|Any CPU.Build.0 = Release|Any CPU
		{C95E8CD2-8040-43A0-9264-B40C5F7291B8}.Release|x64.ActiveCfg = Release|Any CPU
		{C95E8CD2-8040-43A0-9264-B40C5F7291B8}.Release|x64.Build.0 = Release|Any CPU
		{C95E8CD2-8040-43A0-9264-B40C5F7291B8}.Release|x86.ActiveCfg = Release|Any CPU
		{C95E8CD2-8040-43A0-9264-B40C5F7291B8}.Release|x86.Build.0 = Release|Any CPU
		{82DFA02B-C746-4426-A313-59D4834EB9F7}.Debug|Any CPU.ActiveCfg = Debug|Any CPU
		{82DFA02B-C746-4426-A313-59D4834EB9F7}.Debug|Any CPU.Build.0 = Debug|Any CPU
		{82DFA02B-C746-4426-A313-59D4834EB9F7}.Debug|x64.ActiveCfg = Debug|Any CPU
		{82DFA02B-C746-4426-A313-59D4834EB9F7}.Debug|x64.Build.0 = Debug|Any CPU
		{82DFA02B-C746-4426-A313-59D4834EB9F7}.Debug|x86.ActiveCfg = Debug|Any CPU
		{82DFA02B-C746-4426-A313-59D4834EB9F7}.Debug|x86.Build.0 = Debug|Any CPU
		{82DFA02B-C746-4426-A313-59D4834EB9F7}.Release|Any CPU.ActiveCfg = Release|Any CPU
		{82DFA02B-C746-4426-A313-59D4834EB9F7}.Release|Any CPU.Build.0 = Release|Any CPU
		{82DFA02B-C746-4426-A313-59D4834EB9F7}.Release|x64.ActiveCfg = Release|Any CPU
		{82DFA02B-C746-4426-A313-59D4834EB9F7}.Release|x64.Build.0 = Release|Any CPU
		{82DFA02B-C746-4426-A313-59D4834EB9F7}.Release|x86.ActiveCfg = Release|Any CPU
		{82DFA02B-C746-4426-A313-59D4834EB9F7}.Release|x86.Build.0 = Release|Any CPU
		{D1C8A662-3B52-4F4C-85B2-0769DBEED915}.Debug|Any CPU.ActiveCfg = Debug|Any CPU
		{D1C8A662-3B52-4F4C-85B2-0769DBEED915}.Debug|Any CPU.Build.0 = Debug|Any CPU
		{D1C8A662-3B52-4F4C-85B2-0769DBEED915}.Debug|x64.ActiveCfg = Debug|Any CPU
		{D1C8A662-3B52-4F4C-85B2-0769DBEED915}.Debug|x64.Build.0 = Debug|Any CPU
		{D1C8A662-3B52-4F4C-85B2-0769DBEED915}.Debug|x86.ActiveCfg = Debug|Any CPU
		{D1C8A662-3B52-4F4C-85B2-0769DBEED915}.Debug|x86.Build.0 = Debug|Any CPU
		{D1C8A662-3B52-4F4C-85B2-0769DBEED915}.Release|Any CPU.ActiveCfg = Release|Any CPU
		{D1C8A662-3B52-4F4C-85B2-0769DBEED915}.Release|Any CPU.Build.0 = Release|Any CPU
		{D1C8A662-3B52-4F4C-85B2-0769DBEED915}.Release|x64.ActiveCfg = Release|Any CPU
		{D1C8A662-3B52-4F4C-85B2-0769DBEED915}.Release|x64.Build.0 = Release|Any CPU
		{D1C8A662-3B52-4F4C-85B2-0769DBEED915}.Release|x86.ActiveCfg = Release|Any CPU
		{D1C8A662-3B52-4F4C-85B2-0769DBEED915}.Release|x86.Build.0 = Release|Any CPU
		{C0413BCA-5687-4884-9B69-4A80228C0F6C}.Debug|Any CPU.ActiveCfg = Debug|Any CPU
		{C0413BCA-5687-4884-9B69-4A80228C0F6C}.Debug|Any CPU.Build.0 = Debug|Any CPU
		{C0413BCA-5687-4884-9B69-4A80228C0F6C}.Debug|x64.ActiveCfg = Debug|Any CPU
		{C0413BCA-5687-4884-9B69-4A80228C0F6C}.Debug|x64.Build.0 = Debug|Any CPU
		{C0413BCA-5687-4884-9B69-4A80228C0F6C}.Debug|x86.ActiveCfg = Debug|Any CPU
		{C0413BCA-5687-4884-9B69-4A80228C0F6C}.Debug|x86.Build.0 = Debug|Any CPU
		{C0413BCA-5687-4884-9B69-4A80228C0F6C}.Release|Any CPU.ActiveCfg = Release|Any CPU
		{C0413BCA-5687-4884-9B69-4A80228C0F6C}.Release|Any CPU.Build.0 = Release|Any CPU
		{C0413BCA-5687-4884-9B69-4A80228C0F6C}.Release|x64.ActiveCfg = Release|Any CPU
		{C0413BCA-5687-4884-9B69-4A80228C0F6C}.Release|x64.Build.0 = Release|Any CPU
		{C0413BCA-5687-4884-9B69-4A80228C0F6C}.Release|x86.ActiveCfg = Release|Any CPU
		{C0413BCA-5687-4884-9B69-4A80228C0F6C}.Release|x86.Build.0 = Release|Any CPU
	EndGlobalSection
	GlobalSection(SolutionProperties) = preSolution
		HideSolutionNode = FALSE
	EndGlobalSection
EndGlobal
