<Solution>
  <Folder Name="/src/">
    <Project Path="src/Capsule/Capsule.csproj" />
    <Project Path="src/Capsule.Build/Capsule.Build.csproj" />
    <Project Path="src/Capsule.Physics/Capsule.Physics.csproj" />
    <Project Path="src/Capsule.Core/Capsule.Core.csproj" />
    <Project Path="src/Capsule.Generators/Capsule.Generators.csproj" />
    <Project Path="src/Capsule.Runtime/Capsule.Runtime.csproj" />
    <Project Path="src/Capsule.Runtime.Desktop/Capsule.Runtime.Desktop.csproj" />
    <Project Path="src/Capsule.Scenes/Capsule.Scenes.csproj" />
  </Folder>
  <Folder Name="/samples/">
    <Project Path="samples/MinimalGame/src/MinimalGame.Game/MinimalGame.Game.csproj" />
    <Project Path="samples/MinimalGame/src/MinimalGame.Shell/MinimalGame.Shell.csproj" />
    <Project Path="samples/MinimalGame/tests/MinimalGame.Tests/MinimalGame.Tests.csproj" />
  </Folder>
  <Folder Name="/tests/">
    <Project Path="tests/Capsule.AotSmoke/Capsule.AotSmoke.csproj" />
    <Project Path="tests/Capsule.AotSmoke.Logic/Capsule.AotSmoke.Logic.csproj" />
    <Project Path="tests/Capsule.Bench/Capsule.Bench.csproj" />
    <Project Path="tests/Capsule.Bench.Logic/Capsule.Bench.Logic.csproj" />
    <Project Path="tests/Capsule.Tests/Capsule.Tests.csproj" />
  </Folder>
</Solution>
