{
  "version": 1,
  "dependencies": {
    "net10.0": {
      "MonoGame.Framework.DesktopGL": {
        "type": "Direct",
        "requested": "[3.8.5.1, )",
        "resolved": "3.8.5.1",
        "contentHash": "za6tOSYT2xpks932wU/WcpPu2xkUyKwn251gkRuiJ/3XPZBdwds7RPXRhtcrZGnZ2jtjtwh4upRLd+EGrrWtFw==",
        "dependencies": {
          "MonoGame.Library.OpenAL": "1.24.3.4",
          "MonoGame.Library.SDL": "2.32.10.2",
          "NVorbis": "0.10.4"
        }
      },
      "MonoGame.Library.OpenAL": {
        "type": "Transitive",
        "resolved": "1.24.3.4",
        "contentHash": "/FhE0hblY9owGPvIHnMbH+6kXtjfl+/t3Cm776RQiZnGyxGy2Qd9pTAzclLuMO8pvtjiGLYkkRwjRciUA4XFyQ=="
      },
      "MonoGame.Library.SDL": {
        "type": "Transitive",
        "resolved": "2.32.10.2",
        "contentHash": "mtnmWr50KgH2Ui9fPscHPMI3sXgb5NBRnPS7igi4ViJ23ROdP+MLi/j9CmLWX47KuXvI3Bp5BElCDVwRUlswgg=="
      },
      "NVorbis": {
        "type": "Transitive",
        "resolved": "0.10.4",
        "contentHash": "WYnil3DhQHzjCY0dM9I2B3r1vWip90AOuQd25KE4NrjPQBg0tBJFluRLm5YPnO5ZLDmwrfosY8jCQGQRmWI/Pg=="
      },
      "capsule.collision": {
        "type": "Project",
        "dependencies": {
          "Capsule.Core": "[0.0.0, )"
        }
      },
      "capsule.core": {
        "type": "Project"
      },
      "capsule.scenes": {
        "type": "Project",
        "dependencies": {
          "Capsule.Collision": "[0.0.0, )",
          "Capsule.Core": "[0.0.0, )"
        }
      },
      "JAG.Capsule": {
        "type": "Project",
        "dependencies": {
          "Capsule.Collision": "[0.0.0, )",
          "Capsule.Core": "[0.0.0, )",
          "Capsule.Scenes": "[0.0.0, )"
        }
      }
    }
  }
}