{
  "version": 1,
  "dependencies": {
    "net10.0": {
      "Microsoft.CodeAnalysis.BannedApiAnalyzers": {
        "type": "Direct",
        "requested": "[5.6.0, )",
        "resolved": "5.6.0",
        "contentHash": "Kcobt3pnOdO0A+6CKiMHZdTEluJpsfxiV20axtZdmfBQnDmiWTKPJADlgAfdTuKNAnVarrkJa0UEGwuOo91muw=="
      },
      "MonoGame.Framework.DesktopGL": {
        "type": "Direct",
        "requested": "[3.8.5.1, )",
        "resolved": "3.8.5.1",
        "contentHash": "za6tOSYT2xpks932wU/WcpPu2xkUyKwn251gkRuiJ/3XPZBdwds7RPXRhtcrZGnZ2jtjtwh4upRLd+EGrrWtFw==",
        "dependencies": {
          "MonoGame.Library.OpenAL": "1.24.3.4",
          "MonoGame.Library.SDL": "2.32.10.2",
          "NVorbis": "0.10.4"
        }
      },
      "StbImageSharp": {
        "type": "Direct",
        "requested": "[2.30.16, )",
        "resolved": "2.30.16",
        "contentHash": "qg1i+NHihXVKLKYacGKrauhSQIGL31eBWcTC4Vc7jnGmBFj87LkRuCdXB5aDZisWMRnB6x2mcfwYXQxMWEG/lw=="
      },
      "MonoGame.Library.OpenAL": {
        "type": "Transitive",
        "resolved": "1.24.3.4",
        "contentHash": "/FhE0hblY9owGPvIHnMbH+6kXtjfl+/t3Cm776RQiZnGyxGy2Qd9pTAzclLuMO8pvtjiGLYkkRwjRciUA4XFyQ=="
      },
      "MonoGame.Library.SDL": {
        "type": "Transitive",
        "resolved": "2.32.10.2",
        "contentHash": "mtnmWr50KgH2Ui9fPscHPMI3sXgb5NBRnPS7igi4ViJ23ROdP+MLi/j9CmLWX47KuXvI3Bp5BElCDVwRUlswgg=="
      },
      "MonoGame.Tool.Dxc": {
        "type": "Transitive",
        "resolved": "1.9.2607.1",
        "contentHash": "s0c2q7Zj/YuuGvDHgCKIV/343j/XJfHS1Gpz6HF4izQFcj+yU30SbYpaI2nrhWOrGkXGpP69usog7QNspINEZg=="
      },
      "MonoGame.Tool.Spirvcross": {
        "type": "Transitive",
        "resolved": "1.4.350",
        "contentHash": "dHJzbU44PWN/2LGQVt0MtisD27ot5jJf2c1xizZkTXpKek5S2n4nyQUuvzAb1BZhUuw6A5Ns4g+b5uTLP8nP6A=="
      },
      "NVorbis": {
        "type": "Transitive",
        "resolved": "0.10.4",
        "contentHash": "WYnil3DhQHzjCY0dM9I2B3r1vWip90AOuQd25KE4NrjPQBg0tBJFluRLm5YPnO5ZLDmwrfosY8jCQGQRmWI/Pg=="
      },
      "JAG.Capsule": {
        "type": "Project",
        "dependencies": {
          "MonoGame.Tool.Dxc": "[1.9.2607.1, 1.9.2607.1]",
          "MonoGame.Tool.Spirvcross": "[1.4.350, 1.4.350]"
        }
      }
    }
  }
}