{
  "version": 1,
  "dependencies": {
    "net10.0": {
      "JAG.Capsule.Build": {
        "type": "Direct",
        "requested": "[0.4.0, 0.4.0]",
        "resolved": "0.4.0",
        "contentHash": "OtQ8RujVW+vJWgD3vvo+Xy/RtG7KoRrJO25UiBffp2SpKYQQMvFgkLDL6YB58n4Po5jIx6MY/0T2MrH1sjpmGA=="
      },
      "JAG.Capsule.Runtime": {
        "type": "Direct",
        "requested": "[0.4.0, 0.4.0]",
        "resolved": "0.4.0",
        "contentHash": "m3lXXNU+wGcxgcuQZwrO2UtCygMWUKyR1uXI1hoIuo5yzdXT4/uc9ddmia3g7+8y4DgYQIzdM6R5o79AE1f40Q==",
        "dependencies": {
          "JAG.Capsule": "[0.4.0]",
          "MonoGame.Framework.DesktopGL": "3.8.5.1"
        }
      },
      "JAG.Capsule": {
        "type": "Transitive",
        "resolved": "0.4.0",
        "contentHash": "mFxsU8c/W6eYiXAgAZIsU34+i4MGMv2tSEev5wnnL24Z38GrNVdkXiTDVYk2W25US6zZKI91P404f6/WjlovUw=="
      },
      "MonoGame.Framework.DesktopGL": {
        "type": "Transitive",
        "resolved": "3.8.5.1",
        "contentHash": "za6tOSYT2xpks932wU/WcpPu2xkUyKwn251gkRuiJ/3XPZBdwds7RPXRhtcrZGnZ2jtjtwh4upRLd+EGrrWtFw==",
        "dependencies": {
          "MonoGame.Library.OpenAL": "1.24.3.4",
          "MonoGame.Library.SDL": "2.32.10.2",
          "NVorbis": "0.10.4"
        }
      },
      "MonoGame.Library.OpenAL": {
        "type": "Transitive",
        "resolved": "1.24.3.4",
        "contentHash": "/FhE0hblY9owGPvIHnMbH+6kXtjfl+/t3Cm776RQiZnGyxGy2Qd9pTAzclLuMO8pvtjiGLYkkRwjRciUA4XFyQ=="
      },
      "MonoGame.Library.SDL": {
        "type": "Transitive",
        "resolved": "2.32.10.2",
        "contentHash": "mtnmWr50KgH2Ui9fPscHPMI3sXgb5NBRnPS7igi4ViJ23ROdP+MLi/j9CmLWX47KuXvI3Bp5BElCDVwRUlswgg=="
      },
      "NVorbis": {
        "type": "Transitive",
        "resolved": "0.10.4",
        "contentHash": "WYnil3DhQHzjCY0dM9I2B3r1vWip90AOuQd25KE4NrjPQBg0tBJFluRLm5YPnO5ZLDmwrfosY8jCQGQRmWI/Pg=="
      },
      "minimalgame.game": {
        "type": "Project",
        "dependencies": {
          "JAG.Capsule": "[0.4.0, 0.4.0]"
        }
      }
    }
  }
}