{
  "version": 1,
  "dependencies": {
    "net10.0": {
      "StbImageSharp": {
        "type": "Direct",
        "requested": "[2.30.16, )",
        "resolved": "2.30.16",
        "contentHash": "qg1i+NHihXVKLKYacGKrauhSQIGL31eBWcTC4Vc7jnGmBFj87LkRuCdXB5aDZisWMRnB6x2mcfwYXQxMWEG/lw=="
      },
      "StbImageWriteSharp": {
        "type": "Direct",
        "requested": "[1.16.7, )",
        "resolved": "1.16.7",
        "contentHash": "NF9kOxi0iS9VunklnRKgOpAWC2knCGKRjdy7RT6XAqYNyb7LQfyPHPdl4l1fJw7TFYKrGQzQOmK1XpBONC2MoA=="
      },
      "MonoGame.Tool.Dxc": {
        "type": "Transitive",
        "resolved": "1.9.2607.1",
        "contentHash": "s0c2q7Zj/YuuGvDHgCKIV/343j/XJfHS1Gpz6HF4izQFcj+yU30SbYpaI2nrhWOrGkXGpP69usog7QNspINEZg=="
      },
      "MonoGame.Tool.Spirvcross": {
        "type": "Transitive",
        "resolved": "1.4.350",
        "contentHash": "dHJzbU44PWN/2LGQVt0MtisD27ot5jJf2c1xizZkTXpKek5S2n4nyQUuvzAb1BZhUuw6A5Ns4g+b5uTLP8nP6A=="
      },
      "JAG.Capsule": {
        "type": "Project",
        "dependencies": {
          "MonoGame.Tool.Dxc": "[1.9.2607.1, 1.9.2607.1]",
          "MonoGame.Tool.Spirvcross": "[1.4.350, 1.4.350]"
        }
      }
    }
  }
}