{
  "version": 1,
  "dependencies": {
    "net10.0": {
      "capsule.core": {
        "type": "Project"
      },
      "capsule.physics": {
        "type": "Project",
        "dependencies": {
          "Capsule.Core": "[0.0.0, )"
        }
      },
      "capsule.scenes": {
        "type": "Project",
        "dependencies": {
          "Capsule.Core": "[0.0.0, )",
          "Capsule.Physics": "[0.0.0, )"
        }
      }
    }
  }
}