{
  "version": 1,
  "dependencies": {
    "net10.0": {
      "StbImageSharp": {
        "type": "Direct",
        "requested": "[2.30.16, )",
        "resolved": "2.30.16",
        "contentHash": "qg1i+NHihXVKLKYacGKrauhSQIGL31eBWcTC4Vc7jnGmBFj87LkRuCdXB5aDZisWMRnB6x2mcfwYXQxMWEG/lw=="
      },
      "StbImageWriteSharp": {
        "type": "Direct",
        "requested": "[1.16.7, )",
        "resolved": "1.16.7",
        "contentHash": "NF9kOxi0iS9VunklnRKgOpAWC2knCGKRjdy7RT6XAqYNyb7LQfyPHPdl4l1fJw7TFYKrGQzQOmK1XpBONC2MoA=="
      },
      "capsule.core": {
        "type": "Project"
      },
      "capsule.physics": {
        "type": "Project",
        "dependencies": {
          "Capsule.Core": "[0.0.0, )"
        }
      },
      "capsule.scenes": {
        "type": "Project",
        "dependencies": {
          "Capsule.Core": "[0.0.0, )",
          "Capsule.Physics": "[0.0.0, )"
        }
      }
    }
  }
}